
Microsoft Visual Studio Solution File, Format Version 12.00
# Visual Studio 2012
Project("{FAE04EC0-301F-11D3-BF4B-00C04F79EFBC}") = "Trimmer-CSC202-SP14022-ChangeDecToHex", "Trimmer-CSC202-SP14022-ChangeDecToHex\Trimmer-CSC202-SP14022-ChangeDecToHex.csproj", "{2E627117-DD44-4D51-BF03-D973B747686B}"
EndProject
Global
	GlobalSection(SolutionConfigurationPlatforms) = preSolution
		Debug|Any CPU = Debug|Any CPU
		Release|Any CPU = Release|Any CPU
	EndGlobalSection
	GlobalSection(ProjectConfigurationPlatforms) = postSolution
		{2E627117-DD44-4D51-BF03-D973B747686B}.Debug|Any CPU.ActiveCfg = Debug|Any CPU
		{2E627117-DD44-4D51-BF03-D973B747686B}.Debug|Any CPU.Build.0 = Debug|Any CPU
		{2E627117-DD44-4D51-BF03-D973B747686B}.Release|Any CPU.ActiveCfg = Release|Any CPU
		{2E627117-DD44-4D51-BF03-D973B747686B}.Release|Any CPU.Build.0 = Release|Any CPU
	EndGlobalSection
	GlobalSection(SolutionProperties) = preSolution
		HideSolutionNode = FALSE
	EndGlobalSection
EndGlobal
